{
  "requires": true,
  "lockfileVersion": 1,
  "dependencies": {
    "@babel/helper-plugin-utils": {
      "version": "7.14.5",
      "resolved": "https://registry.npmjs.org/@babel/helper-plugin-utils/-/helper-plugin-utils-7.14.5.tgz",
      "integrity": "sha512-/37qQCE3K0vvZKwoK4XU/irIJQdIfCJuhU5eKnNxpFDsOkgFaUAwbv+RYw6eYgsC0E4hS7r5KqGULUogqui0fQ=="
    },
    "@babel/plugin-transform-object-assign": {
      "version": "7.14.5",
      "resolved": "https://registry.npmjs.org/@babel/plugin-transform-object-assign/-/plugin-transform-object-assign-7.14.5.tgz",
      "integrity": "sha512-lvhjk4UN9xJJYB1mI5KC0/o1D5EcJXdbhVe+4fSk08D6ZN+iuAIs7LJC+71h8av9Ew4+uRq9452v9R93SFmQlQ==",
      "requires": {
        "@babel/helper-plugin-utils": "^7.14.5"
      }
    },
    "@egjs/hammerjs": {
      "version": "2.0.17",
      "resolved": "https://registry.npmjs.org/@egjs/hammerjs/-/hammerjs-2.0.17.tgz",
      "integrity": "sha512-XQsZgjm2EcVUiZQf11UBJQfmZeEmOW8DpI1gsFeln6w0ae0ii4dMQEQ0kjl6DspdWX1aGY1/loyXnP0JS06e/A==",
      "requires": {
        "@types/hammerjs": "^2.0.36"
      }
    },
    "@firebase/app": {
      "version": "0.6.11",
      "resolved": "https://registry.npmjs.org/@firebase/app/-/app-0.6.11.tgz",
      "integrity": "sha512-FH++PaoyTzfTAVuJ0gITNYEIcjT5G+D0671La27MU8Vvr6MTko+5YUZ4xS9QItyotSeRF4rMJ1KR7G8LSyySiA==",
      "requires": {
        "@firebase/app-types": "0.6.1",
        "@firebase/component": "0.1.19",
        "@firebase/logger": "0.2.6",
        "@firebase/util": "0.3.2",
        "dom-storage": "2.1.0",
        "tslib": "^1.11.1",
        "xmlhttprequest": "1.8.0"
      }
    },
    "@firebase/app-types": {
      "version": "0.6.1",
      "resolved": "https://registry.npmjs.org/@firebase/app-types/-/app-types-0.6.1.tgz",
      "integrity": "sha512-L/ZnJRAq7F++utfuoTKX4CLBG5YR7tFO3PLzG1/oXXKEezJ0kRL3CMRoueBEmTCzVb/6SIs2Qlaw++uDgi5Xyg=="
    },
    "@firebase/component": {
      "version": "0.1.19",
      "resolved": "https://registry.npmjs.org/@firebase/component/-/component-0.1.19.tgz",
      "integrity": "sha512-L0S3g8eqaerg8y0zox3oOHSTwn/FE8RbcRHiurnbESvDViZtP5S5WnhuAPd7FnFxa8ElWK0z1Tr3ikzWDv1xdQ==",
      "requires": {
        "@firebase/util": "0.3.2",
        "tslib": "^1.11.1"
      }
    },
    "@firebase/firestore": {
      "version": "1.18.0",
      "resolved": "https://registry.npmjs.org/@firebase/firestore/-/firestore-1.18.0.tgz",
      "integrity": "sha512-maMq4ltkrwjDRusR2nt0qS4wldHQMp+0IDSfXIjC+SNmjnWY/t/+Skn9U3Po+dB38xpz3i7nsKbs+8utpDnPSw==",
      "requires": {
        "@firebase/component": "0.1.19",
        "@firebase/firestore-types": "1.14.0",
        "@firebase/logger": "0.2.6",
        "@firebase/util": "0.3.2",
        "@firebase/webchannel-wrapper": "0.4.0",
        "@grpc/grpc-js": "^1.0.0",
        "@grpc/proto-loader": "^0.5.0",
        "node-fetch": "2.6.1",
        "tslib": "^1.11.1"
      },
      "dependencies": {
        "node-fetch": {
          "version": "2.6.1",
          "resolved": "https://registry.npmjs.org/node-fetch/-/node-fetch-2.6.1.tgz",
          "integrity": "sha512-V4aYg89jEoVRxRb2fJdAg8FHvI7cEyYdVAh94HH0UIK8oJxUfkjlDQN9RbMx+bEjP7+ggMiFRprSti032Oipxw=="
        }
      }
    },
    "@firebase/firestore-types": {
      "version": "1.14.0",
      "resolved": "https://registry.npmjs.org/@firebase/firestore-types/-/firestore-types-1.14.0.tgz",
      "integrity": "sha512-WF8IBwHzZDhwyOgQnmB0pheVrLNP78A8PGxk1nxb/Nrgh1amo4/zYvFMGgSsTeaQK37xMYS/g7eS948te/dJxw=="
    },
    "@firebase/logger": {
      "version": "0.2.6",
      "resolved": "https://registry.npmjs.org/@firebase/logger/-/logger-0.2.6.tgz",
      "integrity": "sha512-KIxcUvW/cRGWlzK9Vd2KB864HlUnCfdTH0taHE0sXW5Xl7+W68suaeau1oKNEqmc3l45azkd4NzXTCWZRZdXrw=="
    },
    "@firebase/util": {
      "version": "0.3.2",
      "resolved": "https://registry.npmjs.org/@firebase/util/-/util-0.3.2.tgz",
      "integrity": "sha512-Dqs00++c8rwKky6KCKLLY2T1qYO4Q+X5t+lF7DInXDNF4ae1Oau35bkD+OpJ9u7l1pEv7KHowP6CUKuySCOc8g==",
      "requires": {
        "tslib": "^1.11.1"
      }
    },
    "@firebase/webchannel-wrapper": {
      "version": "0.4.0",
      "resolved": "https://registry.npmjs.org/@firebase/webchannel-wrapper/-/webchannel-wrapper-0.4.0.tgz",
      "integrity": "sha512-8cUA/mg0S+BxIZ72TdZRsXKBP5n5uRcE3k29TZhZw6oIiHBt9JA7CTb/4pE1uKtE/q5NeTY2tBDcagoZ+1zjXQ=="
    },
    "@grpc/grpc-js": {
      "version": "1.2.12",
      "resolved": "https://registry.npmjs.org/@grpc/grpc-js/-/grpc-js-1.2.12.tgz",
      "integrity": "sha512-+gPCklP1eqIgrNPyzddYQdt9+GvZqPlLpIjIo+TveE+gbtp74VV1A2ju8ExeO8ma8f7MbpaGZx/KJPYVWL9eDw==",
      "requires": {
        "@types/node": ">=12.12.47",
        "google-auth-library": "^6.1.1",
        "semver": "^6.2.0"
      },
      "dependencies": {
        "semver": {
          "version": "6.3.0",
          "resolved": "https://registry.npmjs.org/semver/-/semver-6.3.0.tgz",
          "integrity": "sha512-b39TBaTSfV6yBrapU89p5fKekE2m/NwnDocOVruQFS1/veMgdzuPcnOM34M6CwxW8jH/lxEa5rBoDeUwu5HHTw=="
        }
      }
    },
    "@grpc/proto-loader": {
      "version": "0.5.6",
      "resolved": "https://registry.npmjs.org/@grpc/proto-loader/-/proto-loader-0.5.6.tgz",
      "integrity": "sha512-DT14xgw3PSzPxwS13auTEwxhMMOoz33DPUKNtmYK/QYbBSpLXJy78FGGs5yVoxVobEqPm4iW9MOIoz0A3bLTRQ==",
      "requires": {
        "lodash.camelcase": "^4.3.0",
        "protobufjs": "^6.8.6"
      }
    },
    "@protobufjs/aspromise": {
      "version": "1.1.2",
      "resolved": "https://registry.npmjs.org/@protobufjs/aspromise/-/aspromise-1.1.2.tgz",
      "integrity": "sha1-m4sMxmPWaafY9vXQiToU00jzD78="
    },
    "@protobufjs/base64": {
      "version": "1.1.2",
      "resolved": "https://registry.npmjs.org/@protobufjs/base64/-/base64-1.1.2.tgz",
      "integrity": "sha512-AZkcAA5vnN/v4PDqKyMR5lx7hZttPDgClv83E//FMNhR2TMcLUhfRUBHCmSl0oi9zMgDDqRUJkSxO3wm85+XLg=="
    },
    "@protobufjs/codegen": {
      "version": "2.0.4",
      "resolved": "https://registry.npmjs.org/@protobufjs/codegen/-/codegen-2.0.4.tgz",
      "integrity": "sha512-YyFaikqM5sH0ziFZCN3xDC7zeGaB/d0IUb9CATugHWbd1FRFwWwt4ld4OYMPWu5a3Xe01mGAULCdqhMlPl29Jg=="
    },
    "@protobufjs/eventemitter": {
      "version": "1.1.0",
      "resolved": "https://registry.npmjs.org/@protobufjs/eventemitter/-/eventemitter-1.1.0.tgz",
      "integrity": "sha1-NVy8mLr61ZePntCV85diHx0Ga3A="
    },
    "@protobufjs/fetch": {
      "version": "1.1.0",
      "resolved": "https://registry.npmjs.org/@protobufjs/fetch/-/fetch-1.1.0.tgz",
      "integrity": "sha1-upn7WYYUr2VwDBYZ/wbUVLDYTEU=",
      "requires": {
        "@protobufjs/aspromise": "^1.1.1",
        "@protobufjs/inquire": "^1.1.0"
      }
    },
    "@protobufjs/float": {
      "version": "1.0.2",
      "resolved": "https://registry.npmjs.org/@protobufjs/float/-/float-1.0.2.tgz",
      "integrity": "sha1-Xp4avctz/Ap8uLKR33jIy9l7h9E="
    },
    "@protobufjs/inquire": {
      "version": "1.1.0",
      "resolved": "https://registry.npmjs.org/@protobufjs/inquire/-/inquire-1.1.0.tgz",
      "integrity": "sha1-/yAOPnzyQp4tyvwRQIKOjMY48Ik="
    },
    "@protobufjs/path": {
      "version": "1.1.2",
      "resolved": "https://registry.npmjs.org/@protobufjs/path/-/path-1.1.2.tgz",
      "integrity": "sha1-bMKyDFya1q0NzP0hynZz2Nf79o0="
    },
    "@protobufjs/pool": {
      "version": "1.1.0",
      "resolved": "https://registry.npmjs.org/@protobufjs/pool/-/pool-1.1.0.tgz",
      "integrity": "sha1-Cf0V8tbTq/qbZbw2ZQbWrXhG/1Q="
    },
    "@protobufjs/utf8": {
      "version": "1.1.0",
      "resolved": "https://registry.npmjs.org/@protobufjs/utf8/-/utf8-1.1.0.tgz",
      "integrity": "sha1-p3c2C1s5oaLlEG+OhY8v0tBgxXA="
    },
    "@react-navigation/core": {
      "version": "3.5.2",
      "resolved": "https://registry.npmjs.org/@react-navigation/core/-/core-3.5.2.tgz",
      "integrity": "sha512-HgKXci1h74aETgm5CXMBoIWG8R7VZG1eUUHYb3BdxwekdiZjW1P/srjiXzsCqFGlsESnVIOIkzT4DqI9J752Bw==",
      "requires": {
        "hoist-non-react-statics": "^3.3.0",
        "path-to-regexp": "^1.7.0",
        "query-string": "^6.4.2",
        "react-is": "^16.8.6"
      },
      "dependencies": {
        "hoist-non-react-statics": {
          "version": "3.3.2",
          "resolved": "https://registry.npmjs.org/hoist-non-react-statics/-/hoist-non-react-statics-3.3.2.tgz",
          "integrity": "sha512-/gGivxi8JPKWNm/W0jSmzcMPpfpPLc3dY/6GxhX2hQ9iGj3aDfklV4ET7NjKpSinLpJ5vafa9iiGIEZg10SfBw==",
          "requires": {
            "react-is": "^16.7.0"
          }
        }
      }
    },
    "@react-navigation/native": {
      "version": "3.6.3",
      "resolved": "https://registry.npmjs.org/@react-navigation/native/-/native-3.6.3.tgz",
      "integrity": "sha512-pkerjx3p9qs48nGwAyL4/IE9M971i4TEnAVlGAwBI48D+ZYkm9Rzn0rV0TdrUnUzwrYuBhwQQtVVKnMNMn8ABg==",
      "requires": {
        "hoist-non-react-statics": "^3.3.2",
        "react-native-safe-area-view": "^0.14.1"
      },
      "dependencies": {
        "hoist-non-react-statics": {
          "version": "3.3.2",
          "resolved": "https://registry.npmjs.org/hoist-non-react-statics/-/hoist-non-react-statics-3.3.2.tgz",
          "integrity": "sha512-/gGivxi8JPKWNm/W0jSmzcMPpfpPLc3dY/6GxhX2hQ9iGj3aDfklV4ET7NjKpSinLpJ5vafa9iiGIEZg10SfBw==",
          "requires": {
            "react-is": "^16.7.0"
          }
        }
      }
    },
    "@types/hammerjs": {
      "version": "2.0.40",
      "resolved": "https://registry.npmjs.org/@types/hammerjs/-/hammerjs-2.0.40.tgz",
      "integrity": "sha512-VbjwR1fhsn2h2KXAY4oy1fm7dCxaKy0D+deTb8Ilc3Eo3rc5+5eA4rfYmZaHgNJKxVyI0f6WIXzO2zLkVmQPHA=="
    },
    "@types/long": {
      "version": "4.0.1",
      "resolved": "https://registry.npmjs.org/@types/long/-/long-4.0.1.tgz",
      "integrity": "sha512-5tXH6Bx/kNGd3MgffdmP4dy2Z+G4eaXw0SE81Tq3BNadtnMR5/ySMzX4SLEzHJzSmPNn4HIdpQsBvXMUykr58w=="
    },
    "@types/node": {
      "version": "14.14.41",
      "resolved": "https://registry.npmjs.org/@types/node/-/node-14.14.41.tgz",
      "integrity": "sha512-dueRKfaJL4RTtSa7bWeTK1M+VH+Gns73oCgzvYfHZywRCoPSd8EkXBL0mZ9unPTveBn+D9phZBaxuzpwjWkW0g=="
    },
    "@types/prop-types": {
      "version": "15.7.3",
      "resolved": "https://registry.npmjs.org/@types/prop-types/-/prop-types-15.7.3.tgz",
      "integrity": "sha512-KfRL3PuHmqQLOG+2tGpRO26Ctg+Cq1E01D2DMriKEATHgWLfeNDmq9e29Q9WIky0dQ3NPkd1mzYH8Lm936Z9qw=="
    },
    "@types/react": {
      "version": "16.9.19",
      "resolved": "https://registry.npmjs.org/@types/react/-/react-16.9.19.tgz",
      "integrity": "sha512-LJV97//H+zqKWMms0kvxaKYJDG05U2TtQB3chRLF8MPNs+MQh/H1aGlyDUxjaHvu08EAGerdX2z4LTBc7ns77A==",
      "requires": {
        "@types/prop-types": "*",
        "csstype": "^2.2.0"
      }
    },
    "@types/react-native": {
      "version": "0.61.10",
      "resolved": "https://registry.npmjs.org/@types/react-native/-/react-native-0.61.10.tgz",
      "integrity": "sha512-z+RWEFfdwHnOLpq70DO//4mjyNqoZypdR3uBqpBB82t2HJg2YbY4j6XIow7sFqeO/r8XibgV9UFEVG2tYIRlSA==",
      "requires": {
        "@types/react": "*"
      }
    },
    "@types/react-native-vector-icons": {
      "version": "6.4.5",
      "resolved": "https://registry.npmjs.org/@types/react-native-vector-icons/-/react-native-vector-icons-6.4.5.tgz",
      "integrity": "sha512-JBpcjWQE4n0GlE0p6HpDDclT+uXpFC453T5k4h+B38q0utlGJhvgNr8899BoJGc1xOktA2cgqFKmFMJd0h7YaA==",
      "requires": {
        "@types/react": "*",
        "@types/react-native": "*"
      }
    },
    "abort-controller": {
      "version": "3.0.0",
      "resolved": "https://registry.npmjs.org/abort-controller/-/abort-controller-3.0.0.tgz",
      "integrity": "sha512-h8lQ8tacZYnR3vNQTgibj+tODHI5/+l06Au2Pcriv/Gmet0eaj4TwWH41sO9wnHDiQsEj19q0drzdWdeAHtweg==",
      "requires": {
        "event-target-shim": "^5.0.0"
      }
    },
    "agent-base": {
      "version": "6.0.2",
      "resolved": "https://registry.npmjs.org/agent-base/-/agent-base-6.0.2.tgz",
      "integrity": "sha512-RZNwNclF7+MS/8bDg70amg32dyeZGZxiDuQmZxKLAlQjr3jGyLx+4Kkk58UO7D2QdgFIQCovuSuZESne6RG6XQ==",
      "requires": {
        "debug": "4"
      },
      "dependencies": {
        "debug": {
          "version": "4.3.1",
          "resolved": "https://registry.npmjs.org/debug/-/debug-4.3.1.tgz",
          "integrity": "sha512-doEwdvm4PCeK4K3RQN2ZC2BYUBaxwLARCqZmMjtF8a51J2Rb0xpVloFRnCODwqjpwnAoao4pelN8l3RJdv3gRQ==",
          "requires": {
            "ms": "2.1.2"
          }
        }
      }
    },
    "arrify": {
      "version": "2.0.1",
      "resolved": "https://registry.npmjs.org/arrify/-/arrify-2.0.1.tgz",
      "integrity": "sha512-3duEwti880xqi4eAMN8AyR4a0ByT90zoYdLlevfrvU43vb0YZwZVfxOgxWrLXXXpyugL0hNZc9G6BiB5B3nUug=="
    },
    "asap": {
      "version": "2.0.6",
      "resolved": "https://registry.npmjs.org/asap/-/asap-2.0.6.tgz",
      "integrity": "sha1-5QNHYR1+aQlDIIu9r+vLwvuGbUY="
    },
    "base64-js": {
      "version": "1.3.1",
      "resolved": "https://registry.npmjs.org/base64-js/-/base64-js-1.3.1.tgz",
      "integrity": "sha512-mLQ4i2QO1ytvGWFWmcngKO//JXAQueZvwEKtjgQFM4jIK0kU+ytMfplL8j+n5mspOfjHwoAg+9yhb7BwAHm36g=="
    },
    "bignumber.js": {
      "version": "9.0.1",
      "resolved": "https://registry.npmjs.org/bignumber.js/-/bignumber.js-9.0.1.tgz",
      "integrity": "sha512-IdZR9mh6ahOBv/hYGiXyVuyCetmGJhtYkqLBpTStdhEGjegpPlUawydyaF3pbIOFynJTpllEs+NP+CS9jKFLjA=="
    },
    "buffer-equal-constant-time": {
      "version": "1.0.1",
      "resolved": "https://registry.npmjs.org/buffer-equal-constant-time/-/buffer-equal-constant-time-1.0.1.tgz",
      "integrity": "sha1-+OcRMvf/5uAaXJaXpMbz5I1cyBk="
    },
    "color": {
      "version": "3.1.2",
      "resolved": "https://registry.npmjs.org/color/-/color-3.1.2.tgz",
      "integrity": "sha512-vXTJhHebByxZn3lDvDJYw4lR5+uB3vuoHsuYA5AKuxRVn5wzzIfQKGLBmgdVRHKTJYeK5rvJcHnrd0Li49CFpg==",
      "requires": {
        "color-convert": "^1.9.1",
        "color-string": "^1.5.2"
      }
    },
    "color-convert": {
      "version": "1.9.3",
      "resolved": "https://registry.npmjs.org/color-convert/-/color-convert-1.9.3.tgz",
      "integrity": "sha512-QfAUtd+vFdAtFQcC8CCyYt1fYWxSqAiK2cSD6zDB8N3cpsEBAvRxp9zOGg6G/SHHJYAT88/az/IuDGALsNVbGg==",
      "requires": {
        "color-name": "1.1.3"
      }
    },
    "color-name": {
      "version": "1.1.3",
      "resolved": "https://registry.npmjs.org/color-name/-/color-name-1.1.3.tgz",
      "integrity": "sha1-p9BVi9icQveV3UIyj3QIMcpTvCU="
    },
    "color-string": {
      "version": "1.5.3",
      "resolved": "https://registry.npmjs.org/color-string/-/color-string-1.5.3.tgz",
      "integrity": "sha512-dC2C5qeWoYkxki5UAXapdjqO672AM4vZuPGRQfO8b5HKuKGBbKWpITyDYN7TOFKvRW7kOgAn3746clDBMDJyQw==",
      "requires": {
        "color-name": "^1.0.0",
        "simple-swizzle": "^0.2.2"
      }
    },
    "cross-fetch": {
      "version": "3.1.4",
      "resolved": "https://registry.npmjs.org/cross-fetch/-/cross-fetch-3.1.4.tgz",
      "integrity": "sha512-1eAtFWdIubi6T4XPy6ei9iUFoKpUkIF971QLN8lIvvvwueI65+Nw5haMNKUwfJxabqlIIDODJKGrQ66gxC0PbQ==",
      "requires": {
        "node-fetch": "2.6.1"
      },
      "dependencies": {
        "node-fetch": {
          "version": "2.6.1",
          "resolved": "https://registry.npmjs.org/node-fetch/-/node-fetch-2.6.1.tgz",
          "integrity": "sha512-V4aYg89jEoVRxRb2fJdAg8FHvI7cEyYdVAh94HH0UIK8oJxUfkjlDQN9RbMx+bEjP7+ggMiFRprSti032Oipxw=="
        }
      }
    },
    "csstype": {
      "version": "2.6.8",
      "resolved": "https://registry.npmjs.org/csstype/-/csstype-2.6.8.tgz",
      "integrity": "sha512-msVS9qTuMT5zwAGCVm4mxfrZ18BNc6Csd0oJAtiFMZ1FAx1CCvy2+5MDmYoix63LM/6NDbNtodCiGYGmFgO0dA=="
    },
    "decode-uri-component": {
      "version": "0.2.0",
      "resolved": "https://registry.npmjs.org/decode-uri-component/-/decode-uri-component-0.2.0.tgz",
      "integrity": "sha1-6zkTMzRYd1y4TNGh+uBiEGu4dUU="
    },
    "deepmerge": {
      "version": "3.3.0",
      "resolved": "https://registry.npmjs.org/deepmerge/-/deepmerge-3.3.0.tgz",
      "integrity": "sha512-GRQOafGHwMHpjPx9iCvTgpu9NojZ49q794EEL94JVEw6VaeA8XTUyBKvAkOOjBX9oJNiV6G3P+T+tihFjo2TqA=="
    },
    "dom-storage": {
      "version": "2.1.0",
      "resolved": "https://registry.npmjs.org/dom-storage/-/dom-storage-2.1.0.tgz",
      "integrity": "sha512-g6RpyWXzl0RR6OTElHKBl7nwnK87GUyZMYC7JWsB/IA73vpqK2K6LT39x4VepLxlSsWBFrPVLnsSR5Jyty0+2Q=="
    },
    "ecdsa-sig-formatter": {
      "version": "1.0.11",
      "resolved": "https://registry.npmjs.org/ecdsa-sig-formatter/-/ecdsa-sig-formatter-1.0.11.tgz",
      "integrity": "sha512-nagl3RYrbNv6kQkeJIpt6NJZy8twLB/2vtz6yN9Z4vRKHN4/QZJIEbqohALSgwKdnksuY3k5Addp5lg8sVoVcQ==",
      "requires": {
        "safe-buffer": "^5.0.1"
      }
    },
    "event-target-shim": {
      "version": "5.0.1",
      "resolved": "https://registry.npmjs.org/event-target-shim/-/event-target-shim-5.0.1.tgz",
      "integrity": "sha512-i/2XbnSz/uxRCU6+NdVJgKWDTM427+MqYbkQzD321DuCQJUqOuJKIA0IM2+W2xtYHdKOmZ4dR6fExsd4SXL+WQ=="
    },
    "extend": {
      "version": "3.0.2",
      "resolved": "https://registry.npmjs.org/extend/-/extend-3.0.2.tgz",
      "integrity": "sha512-fjquC59cD7CyW6urNXK0FBufkZcoiGG80wTuPujX590cB5Ttln20E2UB4S/WARVqhXffZl2LNgS+gQdPIIim/g=="
    },
    "fast-text-encoding": {
      "version": "1.0.3",
      "resolved": "https://registry.npmjs.org/fast-text-encoding/-/fast-text-encoding-1.0.3.tgz",
      "integrity": "sha512-dtm4QZH9nZtcDt8qJiOH9fcQd1NAgi+K1O2DbE6GG1PPCK/BWfOH3idCTRQ4ImXRUOyopDEgDEnVEE7Y/2Wrig=="
    },
    "fbjs": {
      "version": "3.0.0",
      "resolved": "https://registry.npmjs.org/fbjs/-/fbjs-3.0.0.tgz",
      "integrity": "sha512-dJd4PiDOFuhe7vk4F80Mba83Vr2QuK86FoxtgPmzBqEJahncp+13YCmfoa53KHCo6OnlXLG7eeMWPfB5CrpVKg==",
      "requires": {
        "cross-fetch": "^3.0.4",
        "fbjs-css-vars": "^1.0.0",
        "loose-envify": "^1.0.0",
        "object-assign": "^4.1.0",
        "promise": "^7.1.1",
        "setimmediate": "^1.0.5",
        "ua-parser-js": "^0.7.18"
      }
    },
    "fbjs-css-vars": {
      "version": "1.0.2",
      "resolved": "https://registry.npmjs.org/fbjs-css-vars/-/fbjs-css-vars-1.0.2.tgz",
      "integrity": "sha512-b2XGFAFdWZWg0phtAWLHCk836A1Xann+I+Dgd3Gk64MHKZO44FfoD1KxyvbSh0qZsIoXQGGlVztIY+oitJPpRQ=="
    },
    "gaxios": {
      "version": "4.2.0",
      "resolved": "https://registry.npmjs.org/gaxios/-/gaxios-4.2.0.tgz",
      "integrity": "sha512-Ms7fNifGv0XVU+6eIyL9LB7RVESeML9+cMvkwGS70xyD6w2Z80wl6RiqiJ9k1KFlJCUTQqFFc8tXmPQfSKUe8g==",
      "requires": {
        "abort-controller": "^3.0.0",
        "extend": "^3.0.2",
        "https-proxy-agent": "^5.0.0",
        "is-stream": "^2.0.0",
        "node-fetch": "^2.3.0"
      },
      "dependencies": {
        "is-stream": {
          "version": "2.0.0",
          "resolved": "https://registry.npmjs.org/is-stream/-/is-stream-2.0.0.tgz",
          "integrity": "sha512-XCoy+WlUr7d1+Z8GgSuXmpuUFC9fOhRXglJMx+dwLKTkL44Cjd4W1Z5P+BQZpr+cR93aGP4S/s7Ftw6Nd/kiEw=="
        }
      }
    },
    "gcp-metadata": {
      "version": "4.2.1",
      "resolved": "https://registry.npmjs.org/gcp-metadata/-/gcp-metadata-4.2.1.tgz",
      "integrity": "sha512-tSk+REe5iq/N+K+SK1XjZJUrFPuDqGZVzCy2vocIHIGmPlTGsa8owXMJwGkrXr73NO0AzhPW4MF2DEHz7P2AVw==",
      "requires": {
        "gaxios": "^4.0.0",
        "json-bigint": "^1.0.0"
      }
    },
    "google-auth-library": {
      "version": "6.1.6",
      "resolved": "https://registry.npmjs.org/google-auth-library/-/google-auth-library-6.1.6.tgz",
      "integrity": "sha512-Q+ZjUEvLQj/lrVHF/IQwRo6p3s8Nc44Zk/DALsN+ac3T4HY/g/3rrufkgtl+nZ1TW7DNAw5cTChdVp4apUXVgQ==",
      "requires": {
        "arrify": "^2.0.0",
        "base64-js": "^1.3.0",
        "ecdsa-sig-formatter": "^1.0.11",
        "fast-text-encoding": "^1.0.0",
        "gaxios": "^4.0.0",
        "gcp-metadata": "^4.2.0",
        "gtoken": "^5.0.4",
        "jws": "^4.0.0",
        "lru-cache": "^6.0.0"
      },
      "dependencies": {
        "lru-cache": {
          "version": "6.0.0",
          "resolved": "https://registry.npmjs.org/lru-cache/-/lru-cache-6.0.0.tgz",
          "integrity": "sha512-Jo6dJ04CmSjuznwJSS3pUeWmd/H0ffTlkXXgwZi+eq1UCmqQwCh+eLsYOYCwY991i2Fah4h1BEMCx4qThGbsiA==",
          "requires": {
            "yallist": "^4.0.0"
          }
        },
        "yallist": {
          "version": "4.0.0",
          "resolved": "https://registry.npmjs.org/yallist/-/yallist-4.0.0.tgz",
          "integrity": "sha512-3wdGidZyq5PB084XLES5TpOSRA3wjXAlIWMhum2kRcv/41Sn2emQ0dycQW4uZXLejwKvg6EsvbdlVL+FYEct7A=="
        }
      }
    },
    "google-p12-pem": {
      "version": "3.0.3",
      "resolved": "https://registry.npmjs.org/google-p12-pem/-/google-p12-pem-3.0.3.tgz",
      "integrity": "sha512-wS0ek4ZtFx/ACKYF3JhyGe5kzH7pgiQ7J5otlumqR9psmWMYc+U9cErKlCYVYHoUaidXHdZ2xbo34kB+S+24hA==",
      "requires": {
        "node-forge": "^0.10.0"
      }
    },
    "gtoken": {
      "version": "5.2.1",
      "resolved": "https://registry.npmjs.org/gtoken/-/gtoken-5.2.1.tgz",
      "integrity": "sha512-OY0BfPKe3QnMsY9MzTHTSKn+Vl2l1CcLe6BwDEQj00mbbkl5nyQ/7EUREstg4fQNZ8iYE7br4JJ7TdKeDOPWmw==",
      "requires": {
        "gaxios": "^4.0.0",
        "google-p12-pem": "^3.0.3",
        "jws": "^4.0.0"
      }
    },
    "hoist-non-react-statics": {
      "version": "2.5.5",
      "resolved": "https://registry.npmjs.org/hoist-non-react-statics/-/hoist-non-react-statics-2.5.5.tgz",
      "integrity": "sha512-rqcy4pJo55FTTLWt+bU8ukscqHeE/e9KWvsOW2b/a3afxQZhwkQdT1rPPCJ0rYXdj4vNcasY8zHTH+jF/qStxw=="
    },
    "https-proxy-agent": {
      "version": "5.0.0",
      "resolved": "https://registry.npmjs.org/https-proxy-agent/-/https-proxy-agent-5.0.0.tgz",
      "integrity": "sha512-EkYm5BcKUGiduxzSt3Eppko+PiNWNEpa4ySk9vTC6wDsQJW9rHSa+UhGNJoRYp7bz6Ht1eaRIa6QaJqO5rCFbA==",
      "requires": {
        "agent-base": "6",
        "debug": "4"
      },
      "dependencies": {
        "debug": {
          "version": "4.3.1",
          "resolved": "https://registry.npmjs.org/debug/-/debug-4.3.1.tgz",
          "integrity": "sha512-doEwdvm4PCeK4K3RQN2ZC2BYUBaxwLARCqZmMjtF8a51J2Rb0xpVloFRnCODwqjpwnAoao4pelN8l3RJdv3gRQ==",
          "requires": {
            "ms": "2.1.2"
          }
        }
      }
    },
    "invariant": {
      "version": "2.2.4",
      "resolved": "https://registry.npmjs.org/invariant/-/invariant-2.2.4.tgz",
      "integrity": "sha512-phJfQVBuaJM5raOpJjSfkiD6BpbCE4Ns//LaXl6wGYtUBY83nWS6Rf9tXm2e8VaK60JEjYldbPif/A2B1C2gNA==",
      "requires": {
        "loose-envify": "^1.0.0"
      }
    },
    "js-tokens": {
      "version": "4.0.0",
      "resolved": "https://registry.npmjs.org/js-tokens/-/js-tokens-4.0.0.tgz",
      "integrity": "sha512-RdJUflcE3cUzKiMqQgsCu06FPu9UdIJO0beYbPhHN4k6apgJtifcoCtT9bcxOpYBtpD2kCM6Sbzg4CausW/PKQ=="
    },
    "json-bigint": {
      "version": "1.0.0",
      "resolved": "https://registry.npmjs.org/json-bigint/-/json-bigint-1.0.0.tgz",
      "integrity": "sha512-SiPv/8VpZuWbvLSMtTDU8hEfrZWg/mH/nV/b4o0CYbSxu1UIQPLdwKOCIyLQX+VIPO5vrLX3i8qtqFyhdPSUSQ==",
      "requires": {
        "bignumber.js": "^9.0.0"
      }
    },
    "jwa": {
      "version": "2.0.0",
      "resolved": "https://registry.npmjs.org/jwa/-/jwa-2.0.0.tgz",
      "integrity": "sha512-jrZ2Qx916EA+fq9cEAeCROWPTfCwi1IVHqT2tapuqLEVVDKFDENFw1oL+MwrTvH6msKxsd1YTDVw6uKEcsrLEA==",
      "requires": {
        "buffer-equal-constant-time": "1.0.1",
        "ecdsa-sig-formatter": "1.0.11",
        "safe-buffer": "^5.0.1"
      }
    },
    "jws": {
      "version": "4.0.0",
      "resolved": "https://registry.npmjs.org/jws/-/jws-4.0.0.tgz",
      "integrity": "sha512-KDncfTmOZoOMTFG4mBlG0qUIOlc03fmzH+ru6RgYVZhPkyiy/92Owlt/8UEN+a4TXR1FQetfIpJE8ApdvdVxTg==",
      "requires": {
        "jwa": "^2.0.0",
        "safe-buffer": "^5.0.1"
      }
    },
    "lodash": {
      "version": "4.17.15",
      "resolved": "https://registry.npmjs.org/lodash/-/lodash-4.17.15.tgz",
      "integrity": "sha512-8xOcRHvCjnocdS5cpwXQXVzmmh5e5+saE2QGoeQmbKmRS6J3VQppPOIt0MnmE+4xlZoumy0GPG0D0MVIQbNA1A=="
    },
    "lodash.camelcase": {
      "version": "4.3.0",
      "resolved": "https://registry.npmjs.org/lodash.camelcase/-/lodash.camelcase-4.3.0.tgz",
      "integrity": "sha1-soqmKIorn8ZRA1x3EfZathkDMaY="
    },
    "long": {
      "version": "4.0.0",
      "resolved": "https://registry.npmjs.org/long/-/long-4.0.0.tgz",
      "integrity": "sha512-XsP+KhQif4bjX1kbuSiySJFNAehNxgLb6hPRGJ9QsUr8ajHkuXGdrHmFUTUUXhDwVX2R5bY4JNZEwbUiMhV+MA=="
    },
    "loose-envify": {
      "version": "1.4.0",
      "resolved": "https://registry.npmjs.org/loose-envify/-/loose-envify-1.4.0.tgz",
      "integrity": "sha512-lyuxPGr/Wfhrlem2CL/UcnUc1zcqKAImBDzukY7Y5F/yQiNdko6+fRLevlw1HgMySw7f611UIY408EtxRSoK3Q==",
      "requires": {
        "js-tokens": "^3.0.0 || ^4.0.0"
      }
    },
    "mockdate": {
      "version": "3.0.5",
      "resolved": "https://registry.npmjs.org/mockdate/-/mockdate-3.0.5.tgz",
      "integrity": "sha512-iniQP4rj1FhBdBYS/+eQv7j1tadJ9lJtdzgOpvsOHng/GbcDh2Fhdeq+ZRldrPYdXvCyfFUmFeEwEGXZB5I/AQ=="
    },
    "ms": {
      "version": "2.1.2",
      "resolved": "https://registry.npmjs.org/ms/-/ms-2.1.2.tgz",
      "integrity": "sha512-sGkPx+VjMtmA6MX27oA4FBFELFCZZ4S4XqeGOXCv68tT+jb3vk/RyaKWP0PTKyWtmLSM0b+adUTEvbs1PEaH2w=="
    },
    "node-fetch": {
      "version": "2.6.0",
      "resolved": "https://registry.npmjs.org/node-fetch/-/node-fetch-2.6.0.tgz",
      "integrity": "sha512-8dG4H5ujfvFiqDmVu9fQ5bOHUC15JMjMY/Zumv26oOvvVJjM67KF8koCWIabKQ1GJIa9r2mMZscBq/TbdOcmNA=="
    },
    "node-forge": {
      "version": "0.10.0",
      "resolved": "https://registry.npmjs.org/node-forge/-/node-forge-0.10.0.tgz",
      "integrity": "sha512-PPmu8eEeG9saEUvI97fm4OYxXVB6bFvyNTyiUOBichBpFG8A1Ljw3bY62+5oOjDEMHRnd0Y7HQ+x7uzxOzC6JA=="
    },
    "object-assign": {
      "version": "4.1.1",
      "resolved": "https://registry.npmjs.org/object-assign/-/object-assign-4.1.1.tgz",
      "integrity": "sha1-IQmtx5ZYh8/AXLvUQsrIv7s2CGM="
    },
    "opencollective-postinstall": {
      "version": "2.0.2",
      "resolved": "https://registry.npmjs.org/opencollective-postinstall/-/opencollective-postinstall-2.0.2.tgz",
      "integrity": "sha512-pVOEP16TrAO2/fjej1IdOyupJY8KDUM1CvsaScRbw6oddvpQoOfGk4ywha0HKKVAD6RkW4x6Q+tNBwhf3Bgpuw=="
    },
    "path-to-regexp": {
      "version": "1.8.0",
      "resolved": "https://registry.npmjs.org/path-to-regexp/-/path-to-regexp-1.8.0.tgz",
      "integrity": "sha512-n43JRhlUKUAlibEJhPeir1ncUID16QnEjNpwzNdO3Lm4ywrBpBZ5oLD0I6br9evr1Y9JTqwRtAh7JLoOzAQdVA==",
      "requires": {
        "isarray": "0.0.1"
      },
      "dependencies": {
        "isarray": {
          "version": "0.0.1",
          "resolved": "https://registry.npmjs.org/isarray/-/isarray-0.0.1.tgz",
          "integrity": "sha1-ihis/Kmo9Bd+Cav8YDiTmwXR7t8="
        }
      }
    },
    "promise": {
      "version": "7.3.1",
      "resolved": "https://registry.npmjs.org/promise/-/promise-7.3.1.tgz",
      "integrity": "sha512-nolQXZ/4L+bP/UGlkfaIujX9BKxGwmQ9OT4mOt5yvy8iK1h3wqTEJCijzGANTCCl9nWjY41juyAn2K3Q1hLLTg==",
      "requires": {
        "asap": "~2.0.3"
      }
    },
    "prop-types": {
      "version": "15.7.2",
      "resolved": "https://registry.npmjs.org/prop-types/-/prop-types-15.7.2.tgz",
      "integrity": "sha512-8QQikdH7//R2vurIJSutZ1smHYTcLpRWEOlHnzcWHmBYrOGUysKwSsrC89BCiFj3CbrfJ/nXFdJepOVrY1GCHQ==",
      "requires": {
        "loose-envify": "^1.4.0",
        "object-assign": "^4.1.1",
        "react-is": "^16.8.1"
      }
    },
    "protobufjs": {
      "version": "6.10.2",
      "resolved": "https://registry.npmjs.org/protobufjs/-/protobufjs-6.10.2.tgz",
      "integrity": "sha512-27yj+04uF6ya9l+qfpH187aqEzfCF4+Uit0I9ZBQVqK09hk/SQzKa2MUqUpXaVa7LOFRg1TSSr3lVxGOk6c0SQ==",
      "requires": {
        "@protobufjs/aspromise": "^1.1.2",
        "@protobufjs/base64": "^1.1.2",
        "@protobufjs/codegen": "^2.0.4",
        "@protobufjs/eventemitter": "^1.1.0",
        "@protobufjs/fetch": "^1.1.0",
        "@protobufjs/float": "^1.0.2",
        "@protobufjs/inquire": "^1.1.0",
        "@protobufjs/path": "^1.1.2",
        "@protobufjs/pool": "^1.1.0",
        "@protobufjs/utf8": "^1.1.0",
        "@types/long": "^4.0.1",
        "@types/node": "^13.7.0",
        "long": "^4.0.0"
      },
      "dependencies": {
        "@types/node": {
          "version": "13.13.50",
          "resolved": "https://registry.npmjs.org/@types/node/-/node-13.13.50.tgz",
          "integrity": "sha512-y7kkh+hX/0jZNxMyBR/6asG0QMSaPSzgeVK63dhWHl4QAXCQB8lExXmzLL6SzmOgKHydtawpMnNhlDbv7DXPEA=="
        }
      }
    },
    "query-string": {
      "version": "6.10.1",
      "resolved": "https://registry.npmjs.org/query-string/-/query-string-6.10.1.tgz",
      "integrity": "sha512-SHTUV6gDlgMXg/AQUuLpTiBtW/etZ9JT6k6RCtCyqADquApLX0Aq5oK/s5UeTUAWBG50IExjIr587GqfXRfM4A==",
      "requires": {
        "decode-uri-component": "^0.2.0",
        "split-on-first": "^1.0.0",
        "strict-uri-encode": "^2.0.0"
      }
    },
    "react-is": {
      "version": "16.12.0",
      "resolved": "https://registry.npmjs.org/react-is/-/react-is-16.12.0.tgz",
      "integrity": "sha512-rPCkf/mWBtKc97aLL9/txD8DZdemK0vkA3JMLShjlJB3Pj3s+lpf1KaBzMfQrAmhMQB0n1cU/SUGgKKBCe837Q=="
    },
    "react-lifecycles-compat": {
      "version": "3.0.4",
      "resolved": "https://registry.npmjs.org/react-lifecycles-compat/-/react-lifecycles-compat-3.0.4.tgz",
      "integrity": "sha512-fBASbA6LnOU9dOU2eW7aQ8xmYBSXUIWr+UmF9b1efZBazGNO+rcXT/icdKnYm2pTwcRylVUYwW7H1PHfLekVzA=="
    },
    "react-native-elements": {
      "version": "1.2.7",
      "resolved": "https://registry.npmjs.org/react-native-elements/-/react-native-elements-1.2.7.tgz",
      "integrity": "sha512-0S+0R1cbItl15i64qrkWnyMztwpw60d0SUsZGVDKRAMf0Jvq9Clgyh/MzxJx2sr42mbedQP1sg5Et4fZM7Fp1w==",
      "requires": {
        "@types/react-native-vector-icons": "^6.4.4",
        "color": "^3.1.0",
        "deepmerge": "^3.1.0",
        "hoist-non-react-statics": "^3.1.0",
        "opencollective-postinstall": "^2.0.0",
        "prop-types": "^15.7.2",
        "react-native-ratings": "^6.3.0",
        "react-native-status-bar-height": "^2.2.0"
      },
      "dependencies": {
        "hoist-non-react-statics": {
          "version": "3.3.2",
          "resolved": "https://registry.npmjs.org/hoist-non-react-statics/-/hoist-non-react-statics-3.3.2.tgz",
          "integrity": "sha512-/gGivxi8JPKWNm/W0jSmzcMPpfpPLc3dY/6GxhX2hQ9iGj3aDfklV4ET7NjKpSinLpJ5vafa9iiGIEZg10SfBw==",
          "requires": {
            "react-is": "^16.7.0"
          }
        }
      }
    },
    "react-native-gesture-handler": {
      "version": "1.10.3",
      "resolved": "https://registry.npmjs.org/react-native-gesture-handler/-/react-native-gesture-handler-1.10.3.tgz",
      "integrity": "sha512-cBGMi1IEsIVMgoox4RvMx7V2r6bNKw0uR1Mu1o7NbuHS6BRSVLq0dP34l2ecnPlC+jpWd3le6Yg1nrdCjby2Mw==",
      "requires": {
        "@egjs/hammerjs": "^2.0.17",
        "fbjs": "^3.0.0",
        "hoist-non-react-statics": "^3.3.0",
        "invariant": "^2.2.4",
        "prop-types": "^15.7.2"
      },
      "dependencies": {
        "hoist-non-react-statics": {
          "version": "3.3.2",
          "resolved": "https://registry.npmjs.org/hoist-non-react-statics/-/hoist-non-react-statics-3.3.2.tgz",
          "integrity": "sha512-/gGivxi8JPKWNm/W0jSmzcMPpfpPLc3dY/6GxhX2hQ9iGj3aDfklV4ET7NjKpSinLpJ5vafa9iiGIEZg10SfBw==",
          "requires": {
            "react-is": "^16.7.0"
          }
        }
      }
    },
    "react-native-ratings": {
      "version": "6.5.0",
      "resolved": "https://registry.npmjs.org/react-native-ratings/-/react-native-ratings-6.5.0.tgz",
      "integrity": "sha512-YMcfQ7UQCmXGEc/WPlukHSHs5yvckTwjq5fTRk1FG8gaO7fZCNygEUGPuw4Dbvvp3IlsCUn0bOQd63RYsb7NDQ==",
      "requires": {
        "lodash": "^4.17.4",
        "prop-types": "^15.5.10"
      }
    },
    "react-native-reanimated": {
      "version": "2.2.2",
      "resolved": "https://registry.npmjs.org/react-native-reanimated/-/react-native-reanimated-2.2.2.tgz",
      "integrity": "sha512-Lfv4ogbNLU9x3DqhXUFza9pnzyTvPrw5xGC1wWA6aGXqZgyaikNLgC5dNWzxVbfEwRdOuLPFsai3LAcIM92TCg==",
      "requires": {
        "@babel/plugin-transform-object-assign": "^7.10.4",
        "fbjs": "^3.0.0",
        "mockdate": "^3.0.2",
        "string-hash-64": "^1.0.3"
      }
    },
    "react-native-safe-area-view": {
      "version": "0.14.8",
      "resolved": "https://registry.npmjs.org/react-native-safe-area-view/-/react-native-safe-area-view-0.14.8.tgz",
      "integrity": "sha512-MtRSIcZNstxv87Jet+UsPhEd1tpGe8cVskDXlP657x6rHpSrbrc+y13ZNXrwAgGNNhqQNX7UJT68ZIq//ZRmvw==",
      "requires": {
        "hoist-non-react-statics": "^2.3.1"
      }
    },
    "react-native-screens": {
      "version": "3.4.0",
      "resolved": "https://registry.npmjs.org/react-native-screens/-/react-native-screens-3.4.0.tgz",
      "integrity": "sha512-cg+q9MRnVdeOcJyvJtqffoXLur/C2wHA/7IO2+FAipzTlgHbbM1mTuSM7qG+SeiQjoIs4mHOEf7A0ziPKW04sA==",
      "requires": {
        "warn-once": "^0.1.0"
      }
    },
    "react-native-status-bar-height": {
      "version": "2.4.0",
      "resolved": "https://registry.npmjs.org/react-native-status-bar-height/-/react-native-status-bar-height-2.4.0.tgz",
      "integrity": "sha512-pWvZFlyIHiuxLugLioq97vXiaGSovFXEyxt76wQtbq0gxv4dGXMPqYow46UmpwOgeJpBhqL1E0EKxnfJRrFz5w=="
    },
    "react-native-tab-view": {
      "version": "2.12.0",
      "resolved": "https://registry.npmjs.org/react-native-tab-view/-/react-native-tab-view-2.12.0.tgz",
      "integrity": "sha512-rjAicASp7RMiohZ0afjfzqbHDO9leeZCD6d9s9sXwrnf1qNiP6oixforKbmVFr+mgAfa8Q0k4kJwf1w9t0AY+A=="
    },
    "react-navigation": {
      "version": "4.1.0",
      "resolved": "https://registry.npmjs.org/react-navigation/-/react-navigation-4.1.0.tgz",
      "integrity": "sha512-Egwe9SF1+cc2sAmdJzldGhsRh9dZ2NmtEnKUI9sLJ/7HIhOmuGhRqdLoaqJ6MZhE1lrzgzL7xJvrJ8cITQLUcg==",
      "requires": {
        "@react-navigation/core": "^3.5.2",
        "@react-navigation/native": "^3.6.3"
      }
    },
    "react-navigation-tabs": {
      "version": "2.7.0",
      "resolved": "https://registry.npmjs.org/react-navigation-tabs/-/react-navigation-tabs-2.7.0.tgz",
      "integrity": "sha512-fQEHjFrIBi+89loLL521HjGS0Z9tl4Y89SSamRkDl8Of6bPS1Ep++an3ctl2j7c3veqBZBrj3H1qa7qjd3apBQ==",
      "requires": {
        "hoist-non-react-statics": "^3.3.0",
        "react-lifecycles-compat": "^3.0.4",
        "react-native-safe-area-view": "^0.14.6",
        "react-native-tab-view": "^2.11.0"
      },
      "dependencies": {
        "hoist-non-react-statics": {
          "version": "3.3.2",
          "resolved": "https://registry.npmjs.org/hoist-non-react-statics/-/hoist-non-react-statics-3.3.2.tgz",
          "integrity": "sha512-/gGivxi8JPKWNm/W0jSmzcMPpfpPLc3dY/6GxhX2hQ9iGj3aDfklV4ET7NjKpSinLpJ5vafa9iiGIEZg10SfBw==",
          "requires": {
            "react-is": "^16.7.0"
          }
        }
      }
    },
    "safe-buffer": {
      "version": "5.1.2",
      "resolved": "https://registry.npmjs.org/safe-buffer/-/safe-buffer-5.1.2.tgz",
      "integrity": "sha512-Gd2UZBJDkXlY7GbJxfsE8/nvKkUEU1G38c1siN6QP6a9PT9MmHB8GnpscSmMJSoF8LOIrt8ud/wPtojys4G6+g=="
    },
    "setimmediate": {
      "version": "1.0.5",
      "resolved": "https://registry.npmjs.org/setimmediate/-/setimmediate-1.0.5.tgz",
      "integrity": "sha1-KQy7Iy4waULX1+qbg3Mqt4VvgoU="
    },
    "simple-swizzle": {
      "version": "0.2.2",
      "resolved": "https://registry.npmjs.org/simple-swizzle/-/simple-swizzle-0.2.2.tgz",
      "integrity": "sha1-pNprY1/8zMoz9w0Xy5JZLeleVXo=",
      "requires": {
        "is-arrayish": "^0.3.1"
      },
      "dependencies": {
        "is-arrayish": {
          "version": "0.3.2",
          "resolved": "https://registry.npmjs.org/is-arrayish/-/is-arrayish-0.3.2.tgz",
          "integrity": "sha512-eVRqCvVlZbuw3GrM63ovNSNAeA1K16kaR/LRY/92w0zxQ5/1YzwblUX652i4Xs9RwAGjW9d9y6X88t8OaAJfWQ=="
        }
      }
    },
    "split-on-first": {
      "version": "1.1.0",
      "resolved": "https://registry.npmjs.org/split-on-first/-/split-on-first-1.1.0.tgz",
      "integrity": "sha512-43ZssAJaMusuKWL8sKUBQXHWOpq8d6CfN/u1p4gUzfJkM05C8rxTmYrkIPTXapZpORA6LkkzcUulJ8FqA7Uudw=="
    },
    "strict-uri-encode": {
      "version": "2.0.0",
      "resolved": "https://registry.npmjs.org/strict-uri-encode/-/strict-uri-encode-2.0.0.tgz",
      "integrity": "sha1-ucczDHBChi9rFC3CdLvMWGbONUY="
    },
    "string-hash-64": {
      "version": "1.0.3",
      "resolved": "https://registry.npmjs.org/string-hash-64/-/string-hash-64-1.0.3.tgz",
      "integrity": "sha512-D5OKWKvDhyVWWn2x5Y9b+37NUllks34q1dCDhk/vYcso9fmhs+Tl3KR/gE4v5UNj2UA35cnX4KdVVGkG1deKqw=="
    },
    "tslib": {
      "version": "1.14.1",
      "resolved": "https://registry.npmjs.org/tslib/-/tslib-1.14.1.tgz",
      "integrity": "sha512-Xni35NKzjgMrwevysHTCArtLDpPvye8zV/0E4EyYn43P7/7qvQwPh9BGkHewbMulVntbigmcT7rdX3BNo9wRJg=="
    },
    "ua-parser-js": {
      "version": "0.7.28",
      "resolved": "https://registry.npmjs.org/ua-parser-js/-/ua-parser-js-0.7.28.tgz",
      "integrity": "sha512-6Gurc1n//gjp9eQNXjD9O3M/sMwVtN5S8Lv9bvOYBfKfDNiIIhqiyi01vMBO45u4zkDE420w/e0se7Vs+sIg+g=="
    },
    "warn-once": {
      "version": "0.1.0",
      "resolved": "https://registry.npmjs.org/warn-once/-/warn-once-0.1.0.tgz",
      "integrity": "sha512-recZTSvuaH/On5ZU5ywq66y99lImWqzP93+AiUo9LUwG8gXHW+LJjhOd6REJHm7qb0niYqrEQJvbHSQfuJtTqA=="
    },
    "xmlhttprequest": {
      "version": "1.8.0",
      "resolved": "https://registry.npmjs.org/xmlhttprequest/-/xmlhttprequest-1.8.0.tgz",
      "integrity": "sha1-Z/4HXFwk/vOfnWX197f+dRcZaPw="
    }
  }
}
